
Microsoft Visual Studio Solution File, Format Version 12.00
# Visual Studio Version 17
VisualStudioVersion = 17.10.35122.118
MinimumVisualStudioVersion = 10.0.40219.1
Project("{FAE04EC0-301F-11D3-BF4B-00C04F79EFBC}") = "Projeto1.0", "Projeto1.0\Projeto1.0.csproj", "{C332A8C2-009A-47D4-835E-419733CD42A4}"
EndProject
Global
	GlobalSection(SolutionConfigurationPlatforms) = preSolution
		Debug|Any CPU = Debug|Any CPU
		Release|Any CPU = Release|Any CPU
	EndGlobalSection
	GlobalSection(ProjectConfigurationPlatforms) = postSolution
		{C332A8C2-009A-47D4-835E-419733CD42A4}.Debug|Any CPU.ActiveCfg = Debug|Any CPU
		{C332A8C2-009A-47D4-835E-419733CD42A4}.Debug|Any CPU.Build.0 = Debug|Any CPU
		{C332A8C2-009A-47D4-835E-419733CD42A4}.Release|Any CPU.ActiveCfg = Release|Any CPU
		{C332A8C2-009A-47D4-835E-419733CD42A4}.Release|Any CPU.Build.0 = Release|Any CPU
	EndGlobalSection
	GlobalSection(SolutionProperties) = preSolution
		HideSolutionNode = FALSE
	EndGlobalSection
	GlobalSection(ExtensibilityGlobals) = postSolution
		SolutionGuid = {2512A643-E0B2-4555-B18E-16FB27AAC4ED}
	EndGlobalSection
EndGlobal
